
Microsoft Visual Studio Solution File, Format Version 12.00
# Visual Studio 2012
Project("{FAE04EC0-301F-11D3-BF4B-00C04F79EFBC}") = "requesttools", "requesttools\requesttools.csproj", "{D31CE0D2-0121-4E95-BCDF-3F89481DC6B8}"
EndProject
Project("{2150E333-8FDC-42A3-9474-1A3956D46DE8}") = "lib", "lib", "{CB2455B4-1FB7-48A8-99B0-291B4989807B}"
	ProjectSection(SolutionItems) = preProject
		lib\log4net.dll = lib\log4net.dll
		lib\log4net.xml = lib\log4net.xml
	EndProjectSection
EndProject
Project("{FAE04EC0-301F-11D3-BF4B-00C04F79EFBC}") = "UnitTest", "UnitTest\UnitTest.csproj", "{CF796229-0BD2-46C5-84CE-4881DB5EA71D}"
EndProject
Global
	GlobalSection(SolutionConfigurationPlatforms) = preSolution
		Debug|Any CPU = Debug|Any CPU
		Release|Any CPU = Release|Any CPU
	EndGlobalSection
	GlobalSection(ProjectConfigurationPlatforms) = postSolution
		{D31CE0D2-0121-4E95-BCDF-3F89481DC6B8}.Debug|Any CPU.ActiveCfg = Debug|Any CPU
		{D31CE0D2-0121-4E95-BCDF-3F89481DC6B8}.Debug|Any CPU.Build.0 = Debug|Any CPU
		{D31CE0D2-0121-4E95-BCDF-3F89481DC6B8}.Release|Any CPU.ActiveCfg = Release|Any CPU
		{D31CE0D2-0121-4E95-BCDF-3F89481DC6B8}.Release|Any CPU.Build.0 = Release|Any CPU
		{CF796229-0BD2-46C5-84CE-4881DB5EA71D}.Debug|Any CPU.ActiveCfg = Debug|Any CPU
		{CF796229-0BD2-46C5-84CE-4881DB5EA71D}.Debug|Any CPU.Build.0 = Debug|Any CPU
		{CF796229-0BD2-46C5-84CE-4881DB5EA71D}.Release|Any CPU.ActiveCfg = Release|Any CPU
		{CF796229-0BD2-46C5-84CE-4881DB5EA71D}.Release|Any CPU.Build.0 = Release|Any CPU
	EndGlobalSection
	GlobalSection(SolutionProperties) = preSolution
		HideSolutionNode = FALSE
	EndGlobalSection
EndGlobal
